
Microsoft Visual Studio Solution File, Format Version 12.00
# Visual Studio Version 17
VisualStudioVersion = 17.0.31903.59
MinimumVisualStudioVersion = 10.0.40219.1
Project("{9A19103F-16F7-4668-BE54-9A1E7A4F7556}") = "EventBusRabbitMQ", "EventBusRabbitMQ\EventBusRabbitMQ.csproj", "{77346A65-CAE8-4238-978F-D7CDF8EA0A34}"
EndProject
Project("{9A19103F-16F7-4668-BE54-9A1E7A4F7556}") = "Producer", "Producer\Producer.csproj", "{E4293517-B598-4F65-AD0E-3AE7B054E8D9}"
EndProject
Project("{9A19103F-16F7-4668-BE54-9A1E7A4F7556}") = "Consumer", "Consumer\Consumer.csproj", "{7832B634-FE45-4428-A3B6-85C2ECF52986}"
EndProject
Project("{FAE04EC0-301F-11D3-BF4B-00C04F79EFBC}") = "EventBus", "EventBus\EventBus.csproj", "{D9149A1A-747B-4EF5-B9D0-99E2B69F800A}"
EndProject
Global
	GlobalSection(SolutionConfigurationPlatforms) = preSolution
		Debug|Any CPU = Debug|Any CPU
		Release|Any CPU = Release|Any CPU
	EndGlobalSection
	GlobalSection(ProjectConfigurationPlatforms) = postSolution
		{77346A65-CAE8-4238-978F-D7CDF8EA0A34}.Debug|Any CPU.ActiveCfg = Debug|Any CPU
		{77346A65-CAE8-4238-978F-D7CDF8EA0A34}.Debug|Any CPU.Build.0 = Debug|Any CPU
		{77346A65-CAE8-4238-978F-D7CDF8EA0A34}.Release|Any CPU.ActiveCfg = Release|Any CPU
		{77346A65-CAE8-4238-978F-D7CDF8EA0A34}.Release|Any CPU.Build.0 = Release|Any CPU
		{E4293517-B598-4F65-AD0E-3AE7B054E8D9}.Debug|Any CPU.ActiveCfg = Debug|Any CPU
		{E4293517-B598-4F65-AD0E-3AE7B054E8D9}.Debug|Any CPU.Build.0 = Debug|Any CPU
		{E4293517-B598-4F65-AD0E-3AE7B054E8D9}.Release|Any CPU.ActiveCfg = Release|Any CPU
		{E4293517-B598-4F65-AD0E-3AE7B054E8D9}.Release|Any CPU.Build.0 = Release|Any CPU
		{7832B634-FE45-4428-A3B6-85C2ECF52986}.Debug|Any CPU.ActiveCfg = Debug|Any CPU
		{7832B634-FE45-4428-A3B6-85C2ECF52986}.Debug|Any CPU.Build.0 = Debug|Any CPU
		{7832B634-FE45-4428-A3B6-85C2ECF52986}.Release|Any CPU.ActiveCfg = Release|Any CPU
		{7832B634-FE45-4428-A3B6-85C2ECF52986}.Release|Any CPU.Build.0 = Release|Any CPU
		{D9149A1A-747B-4EF5-B9D0-99E2B69F800A}.Debug|Any CPU.ActiveCfg = Debug|Any CPU
		{D9149A1A-747B-4EF5-B9D0-99E2B69F800A}.Debug|Any CPU.Build.0 = Debug|Any CPU
		{D9149A1A-747B-4EF5-B9D0-99E2B69F800A}.Release|Any CPU.ActiveCfg = Release|Any CPU
		{D9149A1A-747B-4EF5-B9D0-99E2B69F800A}.Release|Any CPU.Build.0 = Release|Any CPU
	EndGlobalSection
	GlobalSection(SolutionProperties) = preSolution
		HideSolutionNode = FALSE
	EndGlobalSection
	GlobalSection(ExtensibilityGlobals) = postSolution
		SolutionGuid = {1E2C0C75-B0A1-4573-B231-F4F08B58D926}
	EndGlobalSection
EndGlobal
